
Microsoft Visual Studio Solution File, Format Version 12.00
# Visual Studio 2012
Project("{FAE04EC0-301F-11D3-BF4B-00C04F79EFBC}") = "Renren.Components.RestApis.WP8", "Renren.Components.RestApis.WP8\Renren.Components.RestApis.WP8.csproj", "{1A61ED60-691C-4CF6-A06B-3F87523C51CF}"
EndProject
Project("{FAE04EC0-301F-11D3-BF4B-00C04F79EFBC}") = "Renren.Components.RestApis.Win8", "Renren.Components.RestApis.Win8\Renren.Components.RestApis.Win8.csproj", "{CADAABF5-22B6-4AF6-8DB3-B3E33324E334}"
EndProject
Project("{FAE04EC0-301F-11D3-BF4B-00C04F79EFBC}") = "Renren.Components.Tester.Win8", "Renren.Components.Tester.Win8\Renren.Components.Tester.Win8.csproj", "{75CCCE90-11AA-405D-A128-FEA952708D15}"
EndProject
Project("{FAE04EC0-301F-11D3-BF4B-00C04F79EFBC}") = "Renren.Components.Async", "Renren.Components.Async\Renren.Components.Async.csproj", "{73D21C3E-831A-4B71-ACC2-C3386897BB26}"
EndProject
Project("{2150E333-8FDC-42A3-9474-1A3956D46DE8}") = "Renren.Components.Images", "Renren.Components.Images", "{B2BB9CB4-DB1B-46BB-A72C-DA942F10ACB5}"
EndProject
Project("{2150E333-8FDC-42A3-9474-1A3956D46DE8}") = "Renren.Components.ImageTools.Win8", "Renren.Components.ImageTools.Win8", "{E124024F-C7C7-4AAA-99B5-B5E96E8E4AD3}"
EndProject
Project("{FAE04EC0-301F-11D3-BF4B-00C04F79EFBC}") = "Renren.Components.ImageTools.Controls.Win8", "Renren.Components.ImageTools\Renren.Components.ImageTools.Win8\Renren.Components.ImageTools.Controls.Win8\Renren.Components.ImageTools.Controls.Win8.csproj", "{AED9A563-59FD-43C4-B3A6-04E2E942A0B7}"
EndProject
Project("{FAE04EC0-301F-11D3-BF4B-00C04F79EFBC}") = "Renren.Components.ImageTools.Filtering.Win8", "Renren.Components.ImageTools\Renren.Components.ImageTools.Win8\Renren.Components.ImageTools.Filtering.Win8\Renren.Components.ImageTools.Filtering.Win8.csproj", "{723E31CE-0C4F-43E1-A291-07D1DD70B777}"
EndProject
Project("{FAE04EC0-301F-11D3-BF4B-00C04F79EFBC}") = "Renren.Components.ImageTools.IO.Bmp.Win8", "Renren.Components.ImageTools\Renren.Components.ImageTools.Win8\Renren.Components.ImageTools.IO.Bmp.Win8\Renren.Components.ImageTools.IO.Bmp.Win8.csproj", "{DF274A4F-370A-4E9F-A1B6-4B097A259AAD}"
EndProject
Project("{FAE04EC0-301F-11D3-BF4B-00C04F79EFBC}") = "Renren.Components.ImageTools.IO.Gif.Win8", "Renren.Components.ImageTools\Renren.Components.ImageTools.Win8\Renren.Components.ImageTools.IO.Gif.Win8\Renren.Components.ImageTools.IO.Gif.Win8.csproj", "{182277E6-BDED-4893-B05D-CECFBB7BCF95}"
EndProject
Project("{FAE04EC0-301F-11D3-BF4B-00C04F79EFBC}") = "Renren.Components.ImageTools.IO.Jpeg.Win8", "Renren.Components.ImageTools\Renren.Components.ImageTools.Win8\Renren.Components.ImageTools.IO.Jpeg.Win8\Renren.Components.ImageTools.IO.Jpeg.Win8.csproj", "{70BBE621-4A45-4B0A-AF94-94F619879C10}"
EndProject
Project("{FAE04EC0-301F-11D3-BF4B-00C04F79EFBC}") = "Renren.Components.ImageTools.IO.Png.Win8", "Renren.Components.ImageTools\Renren.Components.ImageTools.Win8\Renren.Components.ImageTools.IO.Png.Win8\Renren.Components.ImageTools.IO.Png.Win8.csproj", "{1E721609-186A-4936-BED7-0B1D210C51D1}"
EndProject
Project("{FAE04EC0-301F-11D3-BF4B-00C04F79EFBC}") = "Renren.Components.ImageTools.Utils.Win8", "Renren.Components.ImageTools\Renren.Components.ImageTools.Win8\Renren.Components.ImageTools.Utils.Win8\Renren.Components.ImageTools.Utils.Win8.csproj", "{03673193-01BC-45A7-82FF-531AC69FAEAB}"
EndProject
Project("{FAE04EC0-301F-11D3-BF4B-00C04F79EFBC}") = "Renren.Components.ImageTools.Win8", "Renren.Components.ImageTools\Renren.Components.ImageTools.Win8\Renren.Components.ImageTools.Win8\Renren.Components.ImageTools.Win8.csproj", "{063F742D-D621-478E-B309-AB8A1A191F8C}"
EndProject
Project("{2150E333-8FDC-42A3-9474-1A3956D46DE8}") = "Renren.Components.ImageTools.WP8", "Renren.Components.ImageTools.WP8", "{45F2750E-F95D-4949-956D-324A7FEF17DB}"
EndProject
Project("{FAE04EC0-301F-11D3-BF4B-00C04F79EFBC}") = "Renren.Components.ImageTools.Controls.WP8", "Renren.Components.ImageTools\Renren.Components.ImageTools.WP8\Renren.Components.ImageTools.Controls.WP8\Renren.Components.ImageTools.Controls.WP8.csproj", "{9EE92403-8F65-4DD0-A1C2-7980390249A2}"
EndProject
Project("{FAE04EC0-301F-11D3-BF4B-00C04F79EFBC}") = "Renren.Components.ImageTools.Filtering.WP8", "Renren.Components.ImageTools\Renren.Components.ImageTools.WP8\Renren.Components.ImageTools.Filtering.WP8\Renren.Components.ImageTools.Filtering.WP8.csproj", "{D8778858-3FF3-4AA7-B776-31D4550BA174}"
EndProject
Project("{FAE04EC0-301F-11D3-BF4B-00C04F79EFBC}") = "Renren.Components.ImageTools.IO.Bmp.WP8", "Renren.Components.ImageTools\Renren.Components.ImageTools.WP8\Renren.Components.ImageTools.IO.Bmp.WP8\Renren.Components.ImageTools.IO.Bmp.WP8.csproj", "{754F9BA3-6744-4F01-9EA2-2A96113050A1}"
EndProject
Project("{FAE04EC0-301F-11D3-BF4B-00C04F79EFBC}") = "Renren.Components.ImageTools.IO.Gif.WP8", "Renren.Components.ImageTools\Renren.Components.ImageTools.WP8\Renren.Components.ImageTools.IO.Gif.WP8\Renren.Components.ImageTools.IO.Gif.WP8.csproj", "{B43FFA90-4ABA-4522-95C1-499A1A694F97}"
EndProject
Project("{FAE04EC0-301F-11D3-BF4B-00C04F79EFBC}") = "Renren.Components.ImageTools.IO.Jpeg.WP8", "Renren.Components.ImageTools\Renren.Components.ImageTools.WP8\Renren.Components.ImageTools.IO.Jpeg.WP8\Renren.Components.ImageTools.IO.Jpeg.WP8.csproj", "{E63BAF60-B0ED-40CF-BF52-ADE81828F29A}"
EndProject
Project("{FAE04EC0-301F-11D3-BF4B-00C04F79EFBC}") = "Renren.Components.ImageTools.IO.Png.WP8", "Renren.Components.ImageTools\Renren.Components.ImageTools.WP8\Renren.Components.ImageTools.IO.Png.WP8\Renren.Components.ImageTools.IO.Png.WP8.csproj", "{FAA61EDB-1ED7-47C9-BAA7-99C654737C04}"
EndProject
Project("{FAE04EC0-301F-11D3-BF4B-00C04F79EFBC}") = "Renren.Components.ImageTools.Utils.WP8", "Renren.Components.ImageTools\Renren.Components.ImageTools.WP8\Renren.Components.ImageTools.Utils.WP8\Renren.Components.ImageTools.Utils.WP8.csproj", "{F50CB753-F49A-4F50-B036-B6C1B244B93D}"
EndProject
Project("{FAE04EC0-301F-11D3-BF4B-00C04F79EFBC}") = "Renren.Components.ImageTools.WP8", "Renren.Components.ImageTools\Renren.Components.ImageTools.WP8\Renren.Components.ImageTools.WP8\Renren.Components.ImageTools.WP8.csproj", "{3DBDC218-1C1A-412E-A538-8AE5A96E1B09}"
EndProject
Project("{FAE04EC0-301F-11D3-BF4B-00C04F79EFBC}") = "Renren.Components.Tools", "Renren.Components.Tools\Renren.Components.Tools.csproj", "{F9D78622-876A-4815-A3D1-5866635718D2}"
EndProject
Project("{FAE04EC0-301F-11D3-BF4B-00C04F79EFBC}") = "Renren.Components.IO.Win8", "Renren.Components.IO.Win8\Renren.Components.IO.Win8.csproj", "{AB643227-43E8-4D1E-A21F-A3334432AB60}"
EndProject
Project("{FAE04EC0-301F-11D3-BF4B-00C04F79EFBC}") = "Renren.Components.IO.WP8", "Renren.Components.IO.WP8\Renren.Components.IO.WP8.csproj", "{EA63533C-2081-4CEE-8451-BB77FA831BA1}"
EndProject
Project("{FAE04EC0-301F-11D3-BF4B-00C04F79EFBC}") = "Renren.Components.Network", "Renren.Components.Network\Renren.Components.Network.csproj", "{D96B2645-40C3-4F53-BDB3-403B05BB72BF}"
EndProject
Project("{FAE04EC0-301F-11D3-BF4B-00C04F79EFBC}") = "Renren.Components.Caching.Win8", "Renren.Components.Cache.Win8\Renren.Components.Caching.Win8.csproj", "{BD13D2B1-666B-4296-9D34-6C7D3C23A60E}"
EndProject
Project("{FAE04EC0-301F-11D3-BF4B-00C04F79EFBC}") = "Renren.Components.Caching.WP8", "Renren.Components.Cache.WP8\Renren.Components.Caching.WP8.csproj", "{3A98F1DC-5AB2-4D05-9F3D-2F3225CD7317}"
EndProject
Project("{FAE04EC0-301F-11D3-BF4B-00C04F79EFBC}") = "Renren.Components.Tester.WP8", "Renren.Components.Tester.WP8\Renren.Components.Tester.WP8.csproj", "{5020A72C-3847-43AA-9E59-1519524FB63C}"
EndProject
Global
	GlobalSection(SolutionConfigurationPlatforms) = preSolution
		Debug|Any CPU = Debug|Any CPU
		Debug|ARM = Debug|ARM
		Debug|x64 = Debug|x64
		Debug|x86 = Debug|x86
		Release|Any CPU = Release|Any CPU
		Release|ARM = Release|ARM
		Release|x64 = Release|x64
		Release|x86 = Release|x86
	EndGlobalSection
	GlobalSection(ProjectConfigurationPlatforms) = postSolution
		{1A61ED60-691C-4CF6-A06B-3F87523C51CF}.Debug|Any CPU.ActiveCfg = Debug|Any CPU
		{1A61ED60-691C-4CF6-A06B-3F87523C51CF}.Debug|Any CPU.Build.0 = Debug|Any CPU
		{1A61ED60-691C-4CF6-A06B-3F87523C51CF}.Debug|ARM.ActiveCfg = Debug|ARM
		{1A61ED60-691C-4CF6-A06B-3F87523C51CF}.Debug|ARM.Build.0 = Debug|ARM
		{1A61ED60-691C-4CF6-A06B-3F87523C51CF}.Debug|x64.ActiveCfg = Debug|Any CPU
		{1A61ED60-691C-4CF6-A06B-3F87523C51CF}.Debug|x86.ActiveCfg = Debug|x86
		{1A61ED60-691C-4CF6-A06B-3F87523C51CF}.Debug|x86.Build.0 = Debug|x86
		{1A61ED60-691C-4CF6-A06B-3F87523C51CF}.Release|Any CPU.ActiveCfg = Release|Any CPU
		{1A61ED60-691C-4CF6-A06B-3F87523C51CF}.Release|Any CPU.Build.0 = Release|Any CPU
		{1A61ED60-691C-4CF6-A06B-3F87523C51CF}.Release|ARM.ActiveCfg = Release|ARM
		{1A61ED60-691C-4CF6-A06B-3F87523C51CF}.Release|ARM.Build.0 = Release|ARM
		{1A61ED60-691C-4CF6-A06B-3F87523C51CF}.Release|x64.ActiveCfg = Release|Any CPU
		{1A61ED60-691C-4CF6-A06B-3F87523C51CF}.Release|x86.ActiveCfg = Release|x86
		{1A61ED60-691C-4CF6-A06B-3F87523C51CF}.Release|x86.Build.0 = Release|x86
		{CADAABF5-22B6-4AF6-8DB3-B3E33324E334}.Debug|Any CPU.ActiveCfg = Debug|Any CPU
		{CADAABF5-22B6-4AF6-8DB3-B3E33324E334}.Debug|Any CPU.Build.0 = Debug|Any CPU
		{CADAABF5-22B6-4AF6-8DB3-B3E33324E334}.Debug|ARM.ActiveCfg = Debug|ARM
		{CADAABF5-22B6-4AF6-8DB3-B3E33324E334}.Debug|ARM.Build.0 = Debug|ARM
		{CADAABF5-22B6-4AF6-8DB3-B3E33324E334}.Debug|x64.ActiveCfg = Debug|x64
		{CADAABF5-22B6-4AF6-8DB3-B3E33324E334}.Debug|x64.Build.0 = Debug|x64
		{CADAABF5-22B6-4AF6-8DB3-B3E33324E334}.Debug|x86.ActiveCfg = Debug|x86
		{CADAABF5-22B6-4AF6-8DB3-B3E33324E334}.Debug|x86.Build.0 = Debug|x86
		{CADAABF5-22B6-4AF6-8DB3-B3E33324E334}.Release|Any CPU.ActiveCfg = Release|Any CPU
		{CADAABF5-22B6-4AF6-8DB3-B3E33324E334}.Release|Any CPU.Build.0 = Release|Any CPU
		{CADAABF5-22B6-4AF6-8DB3-B3E33324E334}.Release|ARM.ActiveCfg = Release|ARM
		{CADAABF5-22B6-4AF6-8DB3-B3E33324E334}.Release|ARM.Build.0 = Release|ARM
		{CADAABF5-22B6-4AF6-8DB3-B3E33324E334}.Release|x64.ActiveCfg = Release|x64
		{CADAABF5-22B6-4AF6-8DB3-B3E33324E334}.Release|x64.Build.0 = Release|x64
		{CADAABF5-22B6-4AF6-8DB3-B3E33324E334}.Release|x86.ActiveCfg = Release|x86
		{CADAABF5-22B6-4AF6-8DB3-B3E33324E334}.Release|x86.Build.0 = Release|x86
		{75CCCE90-11AA-405D-A128-FEA952708D15}.Debug|Any CPU.ActiveCfg = Debug|Any CPU
		{75CCCE90-11AA-405D-A128-FEA952708D15}.Debug|Any CPU.Build.0 = Debug|Any CPU
		{75CCCE90-11AA-405D-A128-FEA952708D15}.Debug|Any CPU.Deploy.0 = Debug|Any CPU
		{75CCCE90-11AA-405D-A128-FEA952708D15}.Debug|ARM.ActiveCfg = Debug|ARM
		{75CCCE90-11AA-405D-A128-FEA952708D15}.Debug|ARM.Build.0 = Debug|ARM
		{75CCCE90-11AA-405D-A128-FEA952708D15}.Debug|ARM.Deploy.0 = Debug|ARM
		{75CCCE90-11AA-405D-A128-FEA952708D15}.Debug|x64.ActiveCfg = Debug|x64
		{75CCCE90-11AA-405D-A128-FEA952708D15}.Debug|x64.Build.0 = Debug|x64
		{75CCCE90-11AA-405D-A128-FEA952708D15}.Debug|x64.Deploy.0 = Debug|x64
		{75CCCE90-11AA-405D-A128-FEA952708D15}.Debug|x86.ActiveCfg = Debug|x86
		{75CCCE90-11AA-405D-A128-FEA952708D15}.Debug|x86.Build.0 = Debug|x86
		{75CCCE90-11AA-405D-A128-FEA952708D15}.Debug|x86.Deploy.0 = Debug|x86
		{75CCCE90-11AA-405D-A128-FEA952708D15}.Release|Any CPU.ActiveCfg = Release|Any CPU
		{75CCCE90-11AA-405D-A128-FEA952708D15}.Release|Any CPU.Build.0 = Release|Any CPU
		{75CCCE90-11AA-405D-A128-FEA952708D15}.Release|Any CPU.Deploy.0 = Release|Any CPU
		{75CCCE90-11AA-405D-A128-FEA952708D15}.Release|ARM.ActiveCfg = Release|ARM
		{75CCCE90-11AA-405D-A128-FEA952708D15}.Release|ARM.Build.0 = Release|ARM
		{75CCCE90-11AA-405D-A128-FEA952708D15}.Release|ARM.Deploy.0 = Release|ARM
		{75CCCE90-11AA-405D-A128-FEA952708D15}.Release|x64.ActiveCfg = Release|x64
		{75CCCE90-11AA-405D-A128-FEA952708D15}.Release|x64.Build.0 = Release|x64
		{75CCCE90-11AA-405D-A128-FEA952708D15}.Release|x64.Deploy.0 = Release|x64
		{75CCCE90-11AA-405D-A128-FEA952708D15}.Release|x86.ActiveCfg = Release|x86
		{75CCCE90-11AA-405D-A128-FEA952708D15}.Release|x86.Build.0 = Release|x86
		{75CCCE90-11AA-405D-A128-FEA952708D15}.Release|x86.Deploy.0 = Release|x86
		{73D21C3E-831A-4B71-ACC2-C3386897BB26}.Debug|Any CPU.ActiveCfg = Debug|Any CPU
		{73D21C3E-831A-4B71-ACC2-C3386897BB26}.Debug|Any CPU.Build.0 = Debug|Any CPU
		{73D21C3E-831A-4B71-ACC2-C3386897BB26}.Debug|ARM.ActiveCfg = Debug|Any CPU
		{73D21C3E-831A-4B71-ACC2-C3386897BB26}.Debug|x64.ActiveCfg = Debug|Any CPU
		{73D21C3E-831A-4B71-ACC2-C3386897BB26}.Debug|x86.ActiveCfg = Debug|Any CPU
		{73D21C3E-831A-4B71-ACC2-C3386897BB26}.Release|Any CPU.ActiveCfg = Release|Any CPU
		{73D21C3E-831A-4B71-ACC2-C3386897BB26}.Release|Any CPU.Build.0 = Release|Any CPU
		{73D21C3E-831A-4B71-ACC2-C3386897BB26}.Release|ARM.ActiveCfg = Release|Any CPU
		{73D21C3E-831A-4B71-ACC2-C3386897BB26}.Release|x64.ActiveCfg = Release|Any CPU
		{73D21C3E-831A-4B71-ACC2-C3386897BB26}.Release|x86.ActiveCfg = Release|Any CPU
		{AED9A563-59FD-43C4-B3A6-04E2E942A0B7}.Debug|Any CPU.ActiveCfg = Debug|Any CPU
		{AED9A563-59FD-43C4-B3A6-04E2E942A0B7}.Debug|Any CPU.Build.0 = Debug|Any CPU
		{AED9A563-59FD-43C4-B3A6-04E2E942A0B7}.Debug|ARM.ActiveCfg = Debug|ARM
		{AED9A563-59FD-43C4-B3A6-04E2E942A0B7}.Debug|ARM.Build.0 = Debug|ARM
		{AED9A563-59FD-43C4-B3A6-04E2E942A0B7}.Debug|x64.ActiveCfg = Debug|x64
		{AED9A563-59FD-43C4-B3A6-04E2E942A0B7}.Debug|x64.Build.0 = Debug|x64
		{AED9A563-59FD-43C4-B3A6-04E2E942A0B7}.Debug|x86.ActiveCfg = Debug|x86
		{AED9A563-59FD-43C4-B3A6-04E2E942A0B7}.Debug|x86.Build.0 = Debug|x86
		{AED9A563-59FD-43C4-B3A6-04E2E942A0B7}.Release|Any CPU.ActiveCfg = Release|Any CPU
		{AED9A563-59FD-43C4-B3A6-04E2E942A0B7}.Release|Any CPU.Build.0 = Release|Any CPU
		{AED9A563-59FD-43C4-B3A6-04E2E942A0B7}.Release|ARM.ActiveCfg = Release|ARM
		{AED9A563-59FD-43C4-B3A6-04E2E942A0B7}.Release|ARM.Build.0 = Release|ARM
		{AED9A563-59FD-43C4-B3A6-04E2E942A0B7}.Release|x64.ActiveCfg = Release|x64
		{AED9A563-59FD-43C4-B3A6-04E2E942A0B7}.Release|x64.Build.0 = Release|x64
		{AED9A563-59FD-43C4-B3A6-04E2E942A0B7}.Release|x86.ActiveCfg = Release|x86
		{AED9A563-59FD-43C4-B3A6-04E2E942A0B7}.Release|x86.Build.0 = Release|x86
		{723E31CE-0C4F-43E1-A291-07D1DD70B777}.Debug|Any CPU.ActiveCfg = Debug|Any CPU
		{723E31CE-0C4F-43E1-A291-07D1DD70B777}.Debug|Any CPU.Build.0 = Debug|Any CPU
		{723E31CE-0C4F-43E1-A291-07D1DD70B777}.Debug|ARM.ActiveCfg = Debug|ARM
		{723E31CE-0C4F-43E1-A291-07D1DD70B777}.Debug|ARM.Build.0 = Debug|ARM
		{723E31CE-0C4F-43E1-A291-07D1DD70B777}.Debug|x64.ActiveCfg = Debug|x64
		{723E31CE-0C4F-43E1-A291-07D1DD70B777}.Debug|x64.Build.0 = Debug|x64
		{723E31CE-0C4F-43E1-A291-07D1DD70B777}.Debug|x86.ActiveCfg = Debug|x86
		{723E31CE-0C4F-43E1-A291-07D1DD70B777}.Debug|x86.Build.0 = Debug|x86
		{723E31CE-0C4F-43E1-A291-07D1DD70B777}.Release|Any CPU.ActiveCfg = Release|Any CPU
		{723E31CE-0C4F-43E1-A291-07D1DD70B777}.Release|Any CPU.Build.0 = Release|Any CPU
		{723E31CE-0C4F-43E1-A291-07D1DD70B777}.Release|ARM.ActiveCfg = Release|ARM
		{723E31CE-0C4F-43E1-A291-07D1DD70B777}.Release|ARM.Build.0 = Release|ARM
		{723E31CE-0C4F-43E1-A291-07D1DD70B777}.Release|x64.ActiveCfg = Release|x64
		{723E31CE-0C4F-43E1-A291-07D1DD70B777}.Release|x64.Build.0 = Release|x64
		{723E31CE-0C4F-43E1-A291-07D1DD70B777}.Release|x86.ActiveCfg = Release|x86
		{723E31CE-0C4F-43E1-A291-07D1DD70B777}.Release|x86.Build.0 = Release|x86
		{DF274A4F-370A-4E9F-A1B6-4B097A259AAD}.Debug|Any CPU.ActiveCfg = Debug|Any CPU
		{DF274A4F-370A-4E9F-A1B6-4B097A259AAD}.Debug|Any CPU.Build.0 = Debug|Any CPU
		{DF274A4F-370A-4E9F-A1B6-4B097A259AAD}.Debug|ARM.ActiveCfg = Debug|ARM
		{DF274A4F-370A-4E9F-A1B6-4B097A259AAD}.Debug|ARM.Build.0 = Debug|ARM
		{DF274A4F-370A-4E9F-A1B6-4B097A259AAD}.Debug|x64.ActiveCfg = Debug|x64
		{DF274A4F-370A-4E9F-A1B6-4B097A259AAD}.Debug|x64.Build.0 = Debug|x64
		{DF274A4F-370A-4E9F-A1B6-4B097A259AAD}.Debug|x86.ActiveCfg = Debug|x86
		{DF274A4F-370A-4E9F-A1B6-4B097A259AAD}.Debug|x86.Build.0 = Debug|x86
		{DF274A4F-370A-4E9F-A1B6-4B097A259AAD}.Release|Any CPU.ActiveCfg = Release|Any CPU
		{DF274A4F-370A-4E9F-A1B6-4B097A259AAD}.Release|Any CPU.Build.0 = Release|Any CPU
		{DF274A4F-370A-4E9F-A1B6-4B097A259AAD}.Release|ARM.ActiveCfg = Release|ARM
		{DF274A4F-370A-4E9F-A1B6-4B097A259AAD}.Release|ARM.Build.0 = Release|ARM
		{DF274A4F-370A-4E9F-A1B6-4B097A259AAD}.Release|x64.ActiveCfg = Release|x64
		{DF274A4F-370A-4E9F-A1B6-4B097A259AAD}.Release|x64.Build.0 = Release|x64
		{DF274A4F-370A-4E9F-A1B6-4B097A259AAD}.Release|x86.ActiveCfg = Release|x86
		{DF274A4F-370A-4E9F-A1B6-4B097A259AAD}.Release|x86.Build.0 = Release|x86
		{182277E6-BDED-4893-B05D-CECFBB7BCF95}.Debug|Any CPU.ActiveCfg = Debug|Any CPU
		{182277E6-BDED-4893-B05D-CECFBB7BCF95}.Debug|Any CPU.Build.0 = Debug|Any CPU
		{182277E6-BDED-4893-B05D-CECFBB7BCF95}.Debug|ARM.ActiveCfg = Debug|ARM
		{182277E6-BDED-4893-B05D-CECFBB7BCF95}.Debug|ARM.Build.0 = Debug|ARM
		{182277E6-BDED-4893-B05D-CECFBB7BCF95}.Debug|x64.ActiveCfg = Debug|x64
		{182277E6-BDED-4893-B05D-CECFBB7BCF95}.Debug|x64.Build.0 = Debug|x64
		{182277E6-BDED-4893-B05D-CECFBB7BCF95}.Debug|x86.ActiveCfg = Debug|x86
		{182277E6-BDED-4893-B05D-CECFBB7BCF95}.Debug|x86.Build.0 = Debug|x86
		{182277E6-BDED-4893-B05D-CECFBB7BCF95}.Release|Any CPU.ActiveCfg = Release|Any CPU
		{182277E6-BDED-4893-B05D-CECFBB7BCF95}.Release|Any CPU.Build.0 = Release|Any CPU
		{182277E6-BDED-4893-B05D-CECFBB7BCF95}.Release|ARM.ActiveCfg = Release|ARM
		{182277E6-BDED-4893-B05D-CECFBB7BCF95}.Release|ARM.Build.0 = Release|ARM
		{182277E6-BDED-4893-B05D-CECFBB7BCF95}.Release|x64.ActiveCfg = Release|x64
		{182277E6-BDED-4893-B05D-CECFBB7BCF95}.Release|x64.Build.0 = Release|x64
		{182277E6-BDED-4893-B05D-CECFBB7BCF95}.Release|x86.ActiveCfg = Release|x86
		{182277E6-BDED-4893-B05D-CECFBB7BCF95}.Release|x86.Build.0 = Release|x86
		{70BBE621-4A45-4B0A-AF94-94F619879C10}.Debug|Any CPU.ActiveCfg = Debug|Any CPU
		{70BBE621-4A45-4B0A-AF94-94F619879C10}.Debug|Any CPU.Build.0 = Debug|Any CPU
		{70BBE621-4A45-4B0A-AF94-94F619879C10}.Debug|ARM.ActiveCfg = Debug|ARM
		{70BBE621-4A45-4B0A-AF94-94F619879C10}.Debug|ARM.Build.0 = Debug|ARM
		{70BBE621-4A45-4B0A-AF94-94F619879C10}.Debug|x64.ActiveCfg = Debug|x64
		{70BBE621-4A45-4B0A-AF94-94F619879C10}.Debug|x64.Build.0 = Debug|x64
		{70BBE621-4A45-4B0A-AF94-94F619879C10}.Debug|x86.ActiveCfg = Debug|x86
		{70BBE621-4A45-4B0A-AF94-94F619879C10}.Debug|x86.Build.0 = Debug|x86
		{70BBE621-4A45-4B0A-AF94-94F619879C10}.Release|Any CPU.ActiveCfg = Release|Any CPU
		{70BBE621-4A45-4B0A-AF94-94F619879C10}.Release|Any CPU.Build.0 = Release|Any CPU
		{70BBE621-4A45-4B0A-AF94-94F619879C10}.Release|ARM.ActiveCfg = Release|ARM
		{70BBE621-4A45-4B0A-AF94-94F619879C10}.Release|ARM.Build.0 = Release|ARM
		{70BBE621-4A45-4B0A-AF94-94F619879C10}.Release|x64.ActiveCfg = Release|x64
		{70BBE621-4A45-4B0A-AF94-94F619879C10}.Release|x64.Build.0 = Release|x64
		{70BBE621-4A45-4B0A-AF94-94F619879C10}.Release|x86.ActiveCfg = Release|x86
		{70BBE621-4A45-4B0A-AF94-94F619879C10}.Release|x86.Build.0 = Release|x86
		{1E721609-186A-4936-BED7-0B1D210C51D1}.Debug|Any CPU.ActiveCfg = Debug|Any CPU
		{1E721609-186A-4936-BED7-0B1D210C51D1}.Debug|Any CPU.Build.0 = Debug|Any CPU
		{1E721609-186A-4936-BED7-0B1D210C51D1}.Debug|ARM.ActiveCfg = Debug|ARM
		{1E721609-186A-4936-BED7-0B1D210C51D1}.Debug|ARM.Build.0 = Debug|ARM
		{1E721609-186A-4936-BED7-0B1D210C51D1}.Debug|x64.ActiveCfg = Debug|x64
		{1E721609-186A-4936-BED7-0B1D210C51D1}.Debug|x64.Build.0 = Debug|x64
		{1E721609-186A-4936-BED7-0B1D210C51D1}.Debug|x86.ActiveCfg = Debug|x86
		{1E721609-186A-4936-BED7-0B1D210C51D1}.Debug|x86.Build.0 = Debug|x86
		{1E721609-186A-4936-BED7-0B1D210C51D1}.Release|Any CPU.ActiveCfg = Release|Any CPU
		{1E721609-186A-4936-BED7-0B1D210C51D1}.Release|Any CPU.Build.0 = Release|Any CPU
		{1E721609-186A-4936-BED7-0B1D210C51D1}.Release|ARM.ActiveCfg = Release|ARM
		{1E721609-186A-4936-BED7-0B1D210C51D1}.Release|ARM.Build.0 = Release|ARM
		{1E721609-186A-4936-BED7-0B1D210C51D1}.Release|x64.ActiveCfg = Release|x64
		{1E721609-186A-4936-BED7-0B1D210C51D1}.Release|x64.Build.0 = Release|x64
		{1E721609-186A-4936-BED7-0B1D210C51D1}.Release|x86.ActiveCfg = Release|x86
		{1E721609-186A-4936-BED7-0B1D210C51D1}.Release|x86.Build.0 = Release|x86
		{03673193-01BC-45A7-82FF-531AC69FAEAB}.Debug|Any CPU.ActiveCfg = Debug|Any CPU
		{03673193-01BC-45A7-82FF-531AC69FAEAB}.Debug|Any CPU.Build.0 = Debug|Any CPU
		{03673193-01BC-45A7-82FF-531AC69FAEAB}.Debug|ARM.ActiveCfg = Debug|ARM
		{03673193-01BC-45A7-82FF-531AC69FAEAB}.Debug|ARM.Build.0 = Debug|ARM
		{03673193-01BC-45A7-82FF-531AC69FAEAB}.Debug|x64.ActiveCfg = Debug|x64
		{03673193-01BC-45A7-82FF-531AC69FAEAB}.Debug|x64.Build.0 = Debug|x64
		{03673193-01BC-45A7-82FF-531AC69FAEAB}.Debug|x86.ActiveCfg = Debug|x86
		{03673193-01BC-45A7-82FF-531AC69FAEAB}.Debug|x86.Build.0 = Debug|x86
		{03673193-01BC-45A7-82FF-531AC69FAEAB}.Release|Any CPU.ActiveCfg = Release|Any CPU
		{03673193-01BC-45A7-82FF-531AC69FAEAB}.Release|Any CPU.Build.0 = Release|Any CPU
		{03673193-01BC-45A7-82FF-531AC69FAEAB}.Release|ARM.ActiveCfg = Release|ARM
		{03673193-01BC-45A7-82FF-531AC69FAEAB}.Release|ARM.Build.0 = Release|ARM
		{03673193-01BC-45A7-82FF-531AC69FAEAB}.Release|x64.ActiveCfg = Release|x64
		{03673193-01BC-45A7-82FF-531AC69FAEAB}.Release|x64.Build.0 = Release|x64
		{03673193-01BC-45A7-82FF-531AC69FAEAB}.Release|x86.ActiveCfg = Release|x86
		{03673193-01BC-45A7-82FF-531AC69FAEAB}.Release|x86.Build.0 = Release|x86
		{063F742D-D621-478E-B309-AB8A1A191F8C}.Debug|Any CPU.ActiveCfg = Debug|Any CPU
		{063F742D-D621-478E-B309-AB8A1A191F8C}.Debug|Any CPU.Build.0 = Debug|Any CPU
		{063F742D-D621-478E-B309-AB8A1A191F8C}.Debug|ARM.ActiveCfg = Debug|ARM
		{063F742D-D621-478E-B309-AB8A1A191F8C}.Debug|ARM.Build.0 = Debug|ARM
		{063F742D-D621-478E-B309-AB8A1A191F8C}.Debug|x64.ActiveCfg = Debug|x64
		{063F742D-D621-478E-B309-AB8A1A191F8C}.Debug|x64.Build.0 = Debug|x64
		{063F742D-D621-478E-B309-AB8A1A191F8C}.Debug|x86.ActiveCfg = Debug|x86
		{063F742D-D621-478E-B309-AB8A1A191F8C}.Debug|x86.Build.0 = Debug|x86
		{063F742D-D621-478E-B309-AB8A1A191F8C}.Release|Any CPU.ActiveCfg = Release|Any CPU
		{063F742D-D621-478E-B309-AB8A1A191F8C}.Release|Any CPU.Build.0 = Release|Any CPU
		{063F742D-D621-478E-B309-AB8A1A191F8C}.Release|ARM.ActiveCfg = Release|ARM
		{063F742D-D621-478E-B309-AB8A1A191F8C}.Release|ARM.Build.0 = Release|ARM
		{063F742D-D621-478E-B309-AB8A1A191F8C}.Release|x64.ActiveCfg = Release|x64
		{063F742D-D621-478E-B309-AB8A1A191F8C}.Release|x64.Build.0 = Release|x64
		{063F742D-D621-478E-B309-AB8A1A191F8C}.Release|x86.ActiveCfg = Release|x86
		{063F742D-D621-478E-B309-AB8A1A191F8C}.Release|x86.Build.0 = Release|x86
		{9EE92403-8F65-4DD0-A1C2-7980390249A2}.Debug|Any CPU.ActiveCfg = Debug|Any CPU
		{9EE92403-8F65-4DD0-A1C2-7980390249A2}.Debug|Any CPU.Build.0 = Debug|Any CPU
		{9EE92403-8F65-4DD0-A1C2-7980390249A2}.Debug|ARM.ActiveCfg = Debug|ARM
		{9EE92403-8F65-4DD0-A1C2-7980390249A2}.Debug|ARM.Build.0 = Debug|ARM
		{9EE92403-8F65-4DD0-A1C2-7980390249A2}.Debug|x64.ActiveCfg = Debug|Any CPU
		{9EE92403-8F65-4DD0-A1C2-7980390249A2}.Debug|x86.ActiveCfg = Debug|x86
		{9EE92403-8F65-4DD0-A1C2-7980390249A2}.Debug|x86.Build.0 = Debug|x86
		{9EE92403-8F65-4DD0-A1C2-7980390249A2}.Release|Any CPU.ActiveCfg = Release|Any CPU
		{9EE92403-8F65-4DD0-A1C2-7980390249A2}.Release|Any CPU.Build.0 = Release|Any CPU
		{9EE92403-8F65-4DD0-A1C2-7980390249A2}.Release|ARM.ActiveCfg = Release|ARM
		{9EE92403-8F65-4DD0-A1C2-7980390249A2}.Release|ARM.Build.0 = Release|ARM
		{9EE92403-8F65-4DD0-A1C2-7980390249A2}.Release|x64.ActiveCfg = Release|Any CPU
		{9EE92403-8F65-4DD0-A1C2-7980390249A2}.Release|x86.ActiveCfg = Release|x86
		{9EE92403-8F65-4DD0-A1C2-7980390249A2}.Release|x86.Build.0 = Release|x86
		{D8778858-3FF3-4AA7-B776-31D4550BA174}.Debug|Any CPU.ActiveCfg = Debug|Any CPU
		{D8778858-3FF3-4AA7-B776-31D4550BA174}.Debug|Any CPU.Build.0 = Debug|Any CPU
		{D8778858-3FF3-4AA7-B776-31D4550BA174}.Debug|ARM.ActiveCfg = Debug|ARM
		{D8778858-3FF3-4AA7-B776-31D4550BA174}.Debug|ARM.Build.0 = Debug|ARM
		{D8778858-3FF3-4AA7-B776-31D4550BA174}.Debug|x64.ActiveCfg = Debug|Any CPU
		{D8778858-3FF3-4AA7-B776-31D4550BA174}.Debug|x86.ActiveCfg = Debug|x86
		{D8778858-3FF3-4AA7-B776-31D4550BA174}.Debug|x86.Build.0 = Debug|x86
		{D8778858-3FF3-4AA7-B776-31D4550BA174}.Release|Any CPU.ActiveCfg = Release|Any CPU
		{D8778858-3FF3-4AA7-B776-31D4550BA174}.Release|Any CPU.Build.0 = Release|Any CPU
		{D8778858-3FF3-4AA7-B776-31D4550BA174}.Release|ARM.ActiveCfg = Release|ARM
		{D8778858-3FF3-4AA7-B776-31D4550BA174}.Release|ARM.Build.0 = Release|ARM
		{D8778858-3FF3-4AA7-B776-31D4550BA174}.Release|x64.ActiveCfg = Release|Any CPU
		{D8778858-3FF3-4AA7-B776-31D4550BA174}.Release|x86.ActiveCfg = Release|x86
		{D8778858-3FF3-4AA7-B776-31D4550BA174}.Release|x86.Build.0 = Release|x86
		{754F9BA3-6744-4F01-9EA2-2A96113050A1}.Debug|Any CPU.ActiveCfg = Debug|Any CPU
		{754F9BA3-6744-4F01-9EA2-2A96113050A1}.Debug|Any CPU.Build.0 = Debug|Any CPU
		{754F9BA3-6744-4F01-9EA2-2A96113050A1}.Debug|ARM.ActiveCfg = Debug|ARM
		{754F9BA3-6744-4F01-9EA2-2A96113050A1}.Debug|ARM.Build.0 = Debug|ARM
		{754F9BA3-6744-4F01-9EA2-2A96113050A1}.Debug|x64.ActiveCfg = Debug|Any CPU
		{754F9BA3-6744-4F01-9EA2-2A96113050A1}.Debug|x86.ActiveCfg = Debug|x86
		{754F9BA3-6744-4F01-9EA2-2A96113050A1}.Debug|x86.Build.0 = Debug|x86
		{754F9BA3-6744-4F01-9EA2-2A96113050A1}.Release|Any CPU.ActiveCfg = Release|Any CPU
		{754F9BA3-6744-4F01-9EA2-2A96113050A1}.Release|Any CPU.Build.0 = Release|Any CPU
		{754F9BA3-6744-4F01-9EA2-2A96113050A1}.Release|ARM.ActiveCfg = Release|ARM
		{754F9BA3-6744-4F01-9EA2-2A96113050A1}.Release|ARM.Build.0 = Release|ARM
		{754F9BA3-6744-4F01-9EA2-2A96113050A1}.Release|x64.ActiveCfg = Release|Any CPU
		{754F9BA3-6744-4F01-9EA2-2A96113050A1}.Release|x86.ActiveCfg = Release|x86
		{754F9BA3-6744-4F01-9EA2-2A96113050A1}.Release|x86.Build.0 = Release|x86
		{B43FFA90-4ABA-4522-95C1-499A1A694F97}.Debug|Any CPU.ActiveCfg = Debug|Any CPU
		{B43FFA90-4ABA-4522-95C1-499A1A694F97}.Debug|Any CPU.Build.0 = Debug|Any CPU
		{B43FFA90-4ABA-4522-95C1-499A1A694F97}.Debug|ARM.ActiveCfg = Debug|ARM
		{B43FFA90-4ABA-4522-95C1-499A1A694F97}.Debug|ARM.Build.0 = Debug|ARM
		{B43FFA90-4ABA-4522-95C1-499A1A694F97}.Debug|x64.ActiveCfg = Debug|Any CPU
		{B43FFA90-4ABA-4522-95C1-499A1A694F97}.Debug|x86.ActiveCfg = Debug|x86
		{B43FFA90-4ABA-4522-95C1-499A1A694F97}.Debug|x86.Build.0 = Debug|x86
		{B43FFA90-4ABA-4522-95C1-499A1A694F97}.Release|Any CPU.ActiveCfg = Release|Any CPU
		{B43FFA90-4ABA-4522-95C1-499A1A694F97}.Release|Any CPU.Build.0 = Release|Any CPU
		{B43FFA90-4ABA-4522-95C1-499A1A694F97}.Release|ARM.ActiveCfg = Release|ARM
		{B43FFA90-4ABA-4522-95C1-499A1A694F97}.Release|ARM.Build.0 = Release|ARM
		{B43FFA90-4ABA-4522-95C1-499A1A694F97}.Release|x64.ActiveCfg = Release|Any CPU
		{B43FFA90-4ABA-4522-95C1-499A1A694F97}.Release|x86.ActiveCfg = Release|x86
		{B43FFA90-4ABA-4522-95C1-499A1A694F97}.Release|x86.Build.0 = Release|x86
		{E63BAF60-B0ED-40CF-BF52-ADE81828F29A}.Debug|Any CPU.ActiveCfg = Debug|Any CPU
		{E63BAF60-B0ED-40CF-BF52-ADE81828F29A}.Debug|Any CPU.Build.0 = Debug|Any CPU
		{E63BAF60-B0ED-40CF-BF52-ADE81828F29A}.Debug|ARM.ActiveCfg = Debug|ARM
		{E63BAF60-B0ED-40CF-BF52-ADE81828F29A}.Debug|ARM.Build.0 = Debug|ARM
		{E63BAF60-B0ED-40CF-BF52-ADE81828F29A}.Debug|x64.ActiveCfg = Debug|Any CPU
		{E63BAF60-B0ED-40CF-BF52-ADE81828F29A}.Debug|x86.ActiveCfg = Debug|x86
		{E63BAF60-B0ED-40CF-BF52-ADE81828F29A}.Debug|x86.Build.0 = Debug|x86
		{E63BAF60-B0ED-40CF-BF52-ADE81828F29A}.Release|Any CPU.ActiveCfg = Release|Any CPU
		{E63BAF60-B0ED-40CF-BF52-ADE81828F29A}.Release|Any CPU.Build.0 = Release|Any CPU
		{E63BAF60-B0ED-40CF-BF52-ADE81828F29A}.Release|ARM.ActiveCfg = Release|ARM
		{E63BAF60-B0ED-40CF-BF52-ADE81828F29A}.Release|ARM.Build.0 = Release|ARM
		{E63BAF60-B0ED-40CF-BF52-ADE81828F29A}.Release|x64.ActiveCfg = Release|Any CPU
		{E63BAF60-B0ED-40CF-BF52-ADE81828F29A}.Release|x86.ActiveCfg = Release|x86
		{E63BAF60-B0ED-40CF-BF52-ADE81828F29A}.Release|x86.Build.0 = Release|x86
		{FAA61EDB-1ED7-47C9-BAA7-99C654737C04}.Debug|Any CPU.ActiveCfg = Debug|Any CPU
		{FAA61EDB-1ED7-47C9-BAA7-99C654737C04}.Debug|Any CPU.Build.0 = Debug|Any CPU
		{FAA61EDB-1ED7-47C9-BAA7-99C654737C04}.Debug|ARM.ActiveCfg = Debug|ARM
		{FAA61EDB-1ED7-47C9-BAA7-99C654737C04}.Debug|ARM.Build.0 = Debug|ARM
		{FAA61EDB-1ED7-47C9-BAA7-99C654737C04}.Debug|x64.ActiveCfg = Debug|Any CPU
		{FAA61EDB-1ED7-47C9-BAA7-99C654737C04}.Debug|x86.ActiveCfg = Debug|x86
		{FAA61EDB-1ED7-47C9-BAA7-99C654737C04}.Debug|x86.Build.0 = Debug|x86
		{FAA61EDB-1ED7-47C9-BAA7-99C654737C04}.Release|Any CPU.ActiveCfg = Release|Any CPU
		{FAA61EDB-1ED7-47C9-BAA7-99C654737C04}.Release|Any CPU.Build.0 = Release|Any CPU
		{FAA61EDB-1ED7-47C9-BAA7-99C654737C04}.Release|ARM.ActiveCfg = Release|ARM
		{FAA61EDB-1ED7-47C9-BAA7-99C654737C04}.Release|ARM.Build.0 = Release|ARM
		{FAA61EDB-1ED7-47C9-BAA7-99C654737C04}.Release|x64.ActiveCfg = Release|Any CPU
		{FAA61EDB-1ED7-47C9-BAA7-99C654737C04}.Release|x86.ActiveCfg = Release|x86
		{FAA61EDB-1ED7-47C9-BAA7-99C654737C04}.Release|x86.Build.0 = Release|x86
		{F50CB753-F49A-4F50-B036-B6C1B244B93D}.Debug|Any CPU.ActiveCfg = Debug|Any CPU
		{F50CB753-F49A-4F50-B036-B6C1B244B93D}.Debug|Any CPU.Build.0 = Debug|Any CPU
		{F50CB753-F49A-4F50-B036-B6C1B244B93D}.Debug|ARM.ActiveCfg = Debug|ARM
		{F50CB753-F49A-4F50-B036-B6C1B244B93D}.Debug|ARM.Build.0 = Debug|ARM
		{F50CB753-F49A-4F50-B036-B6C1B244B93D}.Debug|x64.ActiveCfg = Debug|Any CPU
		{F50CB753-F49A-4F50-B036-B6C1B244B93D}.Debug|x86.ActiveCfg = Debug|x86
		{F50CB753-F49A-4F50-B036-B6C1B244B93D}.Debug|x86.Build.0 = Debug|x86
		{F50CB753-F49A-4F50-B036-B6C1B244B93D}.Release|Any CPU.ActiveCfg = Release|Any CPU
		{F50CB753-F49A-4F50-B036-B6C1B244B93D}.Release|Any CPU.Build.0 = Release|Any CPU
		{F50CB753-F49A-4F50-B036-B6C1B244B93D}.Release|ARM.ActiveCfg = Release|ARM
		{F50CB753-F49A-4F50-B036-B6C1B244B93D}.Release|ARM.Build.0 = Release|ARM
		{F50CB753-F49A-4F50-B036-B6C1B244B93D}.Release|x64.ActiveCfg = Release|Any CPU
		{F50CB753-F49A-4F50-B036-B6C1B244B93D}.Release|x86.ActiveCfg = Release|x86
		{F50CB753-F49A-4F50-B036-B6C1B244B93D}.Release|x86.Build.0 = Release|x86
		{3DBDC218-1C1A-412E-A538-8AE5A96E1B09}.Debug|Any CPU.ActiveCfg = Debug|Any CPU
		{3DBDC218-1C1A-412E-A538-8AE5A96E1B09}.Debug|Any CPU.Build.0 = Debug|Any CPU
		{3DBDC218-1C1A-412E-A538-8AE5A96E1B09}.Debug|ARM.ActiveCfg = Debug|ARM
		{3DBDC218-1C1A-412E-A538-8AE5A96E1B09}.Debug|ARM.Build.0 = Debug|ARM
		{3DBDC218-1C1A-412E-A538-8AE5A96E1B09}.Debug|x64.ActiveCfg = Debug|Any CPU
		{3DBDC218-1C1A-412E-A538-8AE5A96E1B09}.Debug|x86.ActiveCfg = Debug|x86
		{3DBDC218-1C1A-412E-A538-8AE5A96E1B09}.Debug|x86.Build.0 = Debug|x86
		{3DBDC218-1C1A-412E-A538-8AE5A96E1B09}.Release|Any CPU.ActiveCfg = Release|Any CPU
		{3DBDC218-1C1A-412E-A538-8AE5A96E1B09}.Release|Any CPU.Build.0 = Release|Any CPU
		{3DBDC218-1C1A-412E-A538-8AE5A96E1B09}.Release|ARM.ActiveCfg = Release|ARM
		{3DBDC218-1C1A-412E-A538-8AE5A96E1B09}.Release|ARM.Build.0 = Release|ARM
		{3DBDC218-1C1A-412E-A538-8AE5A96E1B09}.Release|x64.ActiveCfg = Release|Any CPU
		{3DBDC218-1C1A-412E-A538-8AE5A96E1B09}.Release|x86.ActiveCfg = Release|x86
		{3DBDC218-1C1A-412E-A538-8AE5A96E1B09}.Release|x86.Build.0 = Release|x86
		{F9D78622-876A-4815-A3D1-5866635718D2}.Debug|Any CPU.ActiveCfg = Debug|Any CPU
		{F9D78622-876A-4815-A3D1-5866635718D2}.Debug|Any CPU.Build.0 = Debug|Any CPU
		{F9D78622-876A-4815-A3D1-5866635718D2}.Debug|ARM.ActiveCfg = Debug|Any CPU
		{F9D78622-876A-4815-A3D1-5866635718D2}.Debug|x64.ActiveCfg = Debug|Any CPU
		{F9D78622-876A-4815-A3D1-5866635718D2}.Debug|x86.ActiveCfg = Debug|Any CPU
		{F9D78622-876A-4815-A3D1-5866635718D2}.Release|Any CPU.ActiveCfg = Release|Any CPU
		{F9D78622-876A-4815-A3D1-5866635718D2}.Release|Any CPU.Build.0 = Release|Any CPU
		{F9D78622-876A-4815-A3D1-5866635718D2}.Release|ARM.ActiveCfg = Release|Any CPU
		{F9D78622-876A-4815-A3D1-5866635718D2}.Release|x64.ActiveCfg = Release|Any CPU
		{F9D78622-876A-4815-A3D1-5866635718D2}.Release|x86.ActiveCfg = Release|Any CPU
		{AB643227-43E8-4D1E-A21F-A3334432AB60}.Debug|Any CPU.ActiveCfg = Debug|Any CPU
		{AB643227-43E8-4D1E-A21F-A3334432AB60}.Debug|Any CPU.Build.0 = Debug|Any CPU
		{AB643227-43E8-4D1E-A21F-A3334432AB60}.Debug|ARM.ActiveCfg = Debug|ARM
		{AB643227-43E8-4D1E-A21F-A3334432AB60}.Debug|ARM.Build.0 = Debug|ARM
		{AB643227-43E8-4D1E-A21F-A3334432AB60}.Debug|x64.ActiveCfg = Debug|x64
		{AB643227-43E8-4D1E-A21F-A3334432AB60}.Debug|x64.Build.0 = Debug|x64
		{AB643227-43E8-4D1E-A21F-A3334432AB60}.Debug|x86.ActiveCfg = Debug|x86
		{AB643227-43E8-4D1E-A21F-A3334432AB60}.Debug|x86.Build.0 = Debug|x86
		{AB643227-43E8-4D1E-A21F-A3334432AB60}.Release|Any CPU.ActiveCfg = Release|Any CPU
		{AB643227-43E8-4D1E-A21F-A3334432AB60}.Release|Any CPU.Build.0 = Release|Any CPU
		{AB643227-43E8-4D1E-A21F-A3334432AB60}.Release|ARM.ActiveCfg = Release|ARM
		{AB643227-43E8-4D1E-A21F-A3334432AB60}.Release|ARM.Build.0 = Release|ARM
		{AB643227-43E8-4D1E-A21F-A3334432AB60}.Release|x64.ActiveCfg = Release|x64
		{AB643227-43E8-4D1E-A21F-A3334432AB60}.Release|x64.Build.0 = Release|x64
		{AB643227-43E8-4D1E-A21F-A3334432AB60}.Release|x86.ActiveCfg = Release|x86
		{AB643227-43E8-4D1E-A21F-A3334432AB60}.Release|x86.Build.0 = Release|x86
		{EA63533C-2081-4CEE-8451-BB77FA831BA1}.Debug|Any CPU.ActiveCfg = Debug|Any CPU
		{EA63533C-2081-4CEE-8451-BB77FA831BA1}.Debug|Any CPU.Build.0 = Debug|Any CPU
		{EA63533C-2081-4CEE-8451-BB77FA831BA1}.Debug|ARM.ActiveCfg = Debug|ARM
		{EA63533C-2081-4CEE-8451-BB77FA831BA1}.Debug|ARM.Build.0 = Debug|ARM
		{EA63533C-2081-4CEE-8451-BB77FA831BA1}.Debug|x64.ActiveCfg = Debug|Any CPU
		{EA63533C-2081-4CEE-8451-BB77FA831BA1}.Debug|x86.ActiveCfg = Debug|x86
		{EA63533C-2081-4CEE-8451-BB77FA831BA1}.Debug|x86.Build.0 = Debug|x86
		{EA63533C-2081-4CEE-8451-BB77FA831BA1}.Release|Any CPU.ActiveCfg = Release|Any CPU
		{EA63533C-2081-4CEE-8451-BB77FA831BA1}.Release|Any CPU.Build.0 = Release|Any CPU
		{EA63533C-2081-4CEE-8451-BB77FA831BA1}.Release|ARM.ActiveCfg = Release|ARM
		{EA63533C-2081-4CEE-8451-BB77FA831BA1}.Release|ARM.Build.0 = Release|ARM
		{EA63533C-2081-4CEE-8451-BB77FA831BA1}.Release|x64.ActiveCfg = Release|Any CPU
		{EA63533C-2081-4CEE-8451-BB77FA831BA1}.Release|x86.ActiveCfg = Release|x86
		{EA63533C-2081-4CEE-8451-BB77FA831BA1}.Release|x86.Build.0 = Release|x86
		{D96B2645-40C3-4F53-BDB3-403B05BB72BF}.Debug|Any CPU.ActiveCfg = Debug|Any CPU
		{D96B2645-40C3-4F53-BDB3-403B05BB72BF}.Debug|Any CPU.Build.0 = Debug|Any CPU
		{D96B2645-40C3-4F53-BDB3-403B05BB72BF}.Debug|ARM.ActiveCfg = Debug|Any CPU
		{D96B2645-40C3-4F53-BDB3-403B05BB72BF}.Debug|x64.ActiveCfg = Debug|Any CPU
		{D96B2645-40C3-4F53-BDB3-403B05BB72BF}.Debug|x86.ActiveCfg = Debug|Any CPU
		{D96B2645-40C3-4F53-BDB3-403B05BB72BF}.Release|Any CPU.ActiveCfg = Release|Any CPU
		{D96B2645-40C3-4F53-BDB3-403B05BB72BF}.Release|Any CPU.Build.0 = Release|Any CPU
		{D96B2645-40C3-4F53-BDB3-403B05BB72BF}.Release|ARM.ActiveCfg = Release|Any CPU
		{D96B2645-40C3-4F53-BDB3-403B05BB72BF}.Release|x64.ActiveCfg = Release|Any CPU
		{D96B2645-40C3-4F53-BDB3-403B05BB72BF}.Release|x86.ActiveCfg = Release|Any CPU
		{BD13D2B1-666B-4296-9D34-6C7D3C23A60E}.Debug|Any CPU.ActiveCfg = Debug|Any CPU
		{BD13D2B1-666B-4296-9D34-6C7D3C23A60E}.Debug|Any CPU.Build.0 = Debug|Any CPU
		{BD13D2B1-666B-4296-9D34-6C7D3C23A60E}.Debug|ARM.ActiveCfg = Debug|ARM
		{BD13D2B1-666B-4296-9D34-6C7D3C23A60E}.Debug|ARM.Build.0 = Debug|ARM
		{BD13D2B1-666B-4296-9D34-6C7D3C23A60E}.Debug|x64.ActiveCfg = Debug|x64
		{BD13D2B1-666B-4296-9D34-6C7D3C23A60E}.Debug|x64.Build.0 = Debug|x64
		{BD13D2B1-666B-4296-9D34-6C7D3C23A60E}.Debug|x86.ActiveCfg = Debug|x86
		{BD13D2B1-666B-4296-9D34-6C7D3C23A60E}.Debug|x86.Build.0 = Debug|x86
		{BD13D2B1-666B-4296-9D34-6C7D3C23A60E}.Release|Any CPU.ActiveCfg = Release|Any CPU
		{BD13D2B1-666B-4296-9D34-6C7D3C23A60E}.Release|Any CPU.Build.0 = Release|Any CPU
		{BD13D2B1-666B-4296-9D34-6C7D3C23A60E}.Release|ARM.ActiveCfg = Release|ARM
		{BD13D2B1-666B-4296-9D34-6C7D3C23A60E}.Release|ARM.Build.0 = Release|ARM
		{BD13D2B1-666B-4296-9D34-6C7D3C23A60E}.Release|x64.ActiveCfg = Release|x64
		{BD13D2B1-666B-4296-9D34-6C7D3C23A60E}.Release|x64.Build.0 = Release|x64
		{BD13D2B1-666B-4296-9D34-6C7D3C23A60E}.Release|x86.ActiveCfg = Release|x86
		{BD13D2B1-666B-4296-9D34-6C7D3C23A60E}.Release|x86.Build.0 = Release|x86
		{3A98F1DC-5AB2-4D05-9F3D-2F3225CD7317}.Debug|Any CPU.ActiveCfg = Debug|Any CPU
		{3A98F1DC-5AB2-4D05-9F3D-2F3225CD7317}.Debug|Any CPU.Build.0 = Debug|Any CPU
		{3A98F1DC-5AB2-4D05-9F3D-2F3225CD7317}.Debug|ARM.ActiveCfg = Debug|ARM
		{3A98F1DC-5AB2-4D05-9F3D-2F3225CD7317}.Debug|ARM.Build.0 = Debug|ARM
		{3A98F1DC-5AB2-4D05-9F3D-2F3225CD7317}.Debug|x64.ActiveCfg = Debug|Any CPU
		{3A98F1DC-5AB2-4D05-9F3D-2F3225CD7317}.Debug|x86.ActiveCfg = Debug|x86
		{3A98F1DC-5AB2-4D05-9F3D-2F3225CD7317}.Debug|x86.Build.0 = Debug|x86
		{3A98F1DC-5AB2-4D05-9F3D-2F3225CD7317}.Release|Any CPU.ActiveCfg = Release|Any CPU
		{3A98F1DC-5AB2-4D05-9F3D-2F3225CD7317}.Release|Any CPU.Build.0 = Release|Any CPU
		{3A98F1DC-5AB2-4D05-9F3D-2F3225CD7317}.Release|ARM.ActiveCfg = Release|ARM
		{3A98F1DC-5AB2-4D05-9F3D-2F3225CD7317}.Release|ARM.Build.0 = Release|ARM
		{3A98F1DC-5AB2-4D05-9F3D-2F3225CD7317}.Release|x64.ActiveCfg = Release|Any CPU
		{3A98F1DC-5AB2-4D05-9F3D-2F3225CD7317}.Release|x86.ActiveCfg = Release|x86
		{3A98F1DC-5AB2-4D05-9F3D-2F3225CD7317}.Release|x86.Build.0 = Release|x86
		{5020A72C-3847-43AA-9E59-1519524FB63C}.Debug|Any CPU.ActiveCfg = Debug|Any CPU
		{5020A72C-3847-43AA-9E59-1519524FB63C}.Debug|Any CPU.Build.0 = Debug|Any CPU
		{5020A72C-3847-43AA-9E59-1519524FB63C}.Debug|Any CPU.Deploy.0 = Debug|Any CPU
		{5020A72C-3847-43AA-9E59-1519524FB63C}.Debug|ARM.ActiveCfg = Debug|ARM
		{5020A72C-3847-43AA-9E59-1519524FB63C}.Debug|ARM.Build.0 = Debug|ARM
		{5020A72C-3847-43AA-9E59-1519524FB63C}.Debug|ARM.Deploy.0 = Debug|ARM
		{5020A72C-3847-43AA-9E59-1519524FB63C}.Debug|x64.ActiveCfg = Debug|Any CPU
		{5020A72C-3847-43AA-9E59-1519524FB63C}.Debug|x86.ActiveCfg = Debug|x86
		{5020A72C-3847-43AA-9E59-1519524FB63C}.Debug|x86.Build.0 = Debug|x86
		{5020A72C-3847-43AA-9E59-1519524FB63C}.Debug|x86.Deploy.0 = Debug|x86
		{5020A72C-3847-43AA-9E59-1519524FB63C}.Release|Any CPU.ActiveCfg = Release|Any CPU
		{5020A72C-3847-43AA-9E59-1519524FB63C}.Release|Any CPU.Build.0 = Release|Any CPU
		{5020A72C-3847-43AA-9E59-1519524FB63C}.Release|Any CPU.Deploy.0 = Release|Any CPU
		{5020A72C-3847-43AA-9E59-1519524FB63C}.Release|ARM.ActiveCfg = Release|ARM
		{5020A72C-3847-43AA-9E59-1519524FB63C}.Release|ARM.Build.0 = Release|ARM
		{5020A72C-3847-43AA-9E59-1519524FB63C}.Release|ARM.Deploy.0 = Release|ARM
		{5020A72C-3847-43AA-9E59-1519524FB63C}.Release|x64.ActiveCfg = Release|Any CPU
		{5020A72C-3847-43AA-9E59-1519524FB63C}.Release|x86.ActiveCfg = Release|x86
		{5020A72C-3847-43AA-9E59-1519524FB63C}.Release|x86.Build.0 = Release|x86
		{5020A72C-3847-43AA-9E59-1519524FB63C}.Release|x86.Deploy.0 = Release|x86
	EndGlobalSection
	GlobalSection(SolutionProperties) = preSolution
		HideSolutionNode = FALSE
	EndGlobalSection
	GlobalSection(NestedProjects) = preSolution
		{E124024F-C7C7-4AAA-99B5-B5E96E8E4AD3} = {B2BB9CB4-DB1B-46BB-A72C-DA942F10ACB5}
		{45F2750E-F95D-4949-956D-324A7FEF17DB} = {B2BB9CB4-DB1B-46BB-A72C-DA942F10ACB5}
		{AED9A563-59FD-43C4-B3A6-04E2E942A0B7} = {E124024F-C7C7-4AAA-99B5-B5E96E8E4AD3}
		{723E31CE-0C4F-43E1-A291-07D1DD70B777} = {E124024F-C7C7-4AAA-99B5-B5E96E8E4AD3}
		{DF274A4F-370A-4E9F-A1B6-4B097A259AAD} = {E124024F-C7C7-4AAA-99B5-B5E96E8E4AD3}
		{182277E6-BDED-4893-B05D-CECFBB7BCF95} = {E124024F-C7C7-4AAA-99B5-B5E96E8E4AD3}
		{70BBE621-4A45-4B0A-AF94-94F619879C10} = {E124024F-C7C7-4AAA-99B5-B5E96E8E4AD3}
		{1E721609-186A-4936-BED7-0B1D210C51D1} = {E124024F-C7C7-4AAA-99B5-B5E96E8E4AD3}
		{03673193-01BC-45A7-82FF-531AC69FAEAB} = {E124024F-C7C7-4AAA-99B5-B5E96E8E4AD3}
		{063F742D-D621-478E-B309-AB8A1A191F8C} = {E124024F-C7C7-4AAA-99B5-B5E96E8E4AD3}
		{9EE92403-8F65-4DD0-A1C2-7980390249A2} = {45F2750E-F95D-4949-956D-324A7FEF17DB}
		{D8778858-3FF3-4AA7-B776-31D4550BA174} = {45F2750E-F95D-4949-956D-324A7FEF17DB}
		{754F9BA3-6744-4F01-9EA2-2A96113050A1} = {45F2750E-F95D-4949-956D-324A7FEF17DB}
		{B43FFA90-4ABA-4522-95C1-499A1A694F97} = {45F2750E-F95D-4949-956D-324A7FEF17DB}
		{E63BAF60-B0ED-40CF-BF52-ADE81828F29A} = {45F2750E-F95D-4949-956D-324A7FEF17DB}
		{FAA61EDB-1ED7-47C9-BAA7-99C654737C04} = {45F2750E-F95D-4949-956D-324A7FEF17DB}
		{F50CB753-F49A-4F50-B036-B6C1B244B93D} = {45F2750E-F95D-4949-956D-324A7FEF17DB}
		{3DBDC218-1C1A-412E-A538-8AE5A96E1B09} = {45F2750E-F95D-4949-956D-324A7FEF17DB}
	EndGlobalSection
EndGlobal
