
Microsoft Visual Studio Solution File, Format Version 12.00
# Visual Studio 2012
Project("{FAE04EC0-301F-11D3-BF4B-00C04F79EFBC}") = "Renren.Components.ImageTools.Filtering.Win8", "Renren.Components.ImageTools.Win8\Renren.Components.ImageTools.Filtering.Win8\Renren.Components.ImageTools.Filtering.Win8.csproj", "{723E31CE-0C4F-43E1-A291-07D1DD70B777}"
EndProject
Project("{FAE04EC0-301F-11D3-BF4B-00C04F79EFBC}") = "Renren.Components.ImageTools.Controls.Win8", "Renren.Components.ImageTools.Win8\Renren.Components.ImageTools.Controls.Win8\Renren.Components.ImageTools.Controls.Win8.csproj", "{AED9A563-59FD-43C4-B3A6-04E2E942A0B7}"
EndProject
Project("{FAE04EC0-301F-11D3-BF4B-00C04F79EFBC}") = "Renren.Components.ImageTools.IO.Gif.Win8", "Renren.Components.ImageTools.Win8\Renren.Components.ImageTools.IO.Gif.Win8\Renren.Components.ImageTools.IO.Gif.Win8.csproj", "{182277E6-BDED-4893-B05D-CECFBB7BCF95}"
EndProject
Project("{FAE04EC0-301F-11D3-BF4B-00C04F79EFBC}") = "Renren.Components.ImageTools.IO.Bmp.Win8", "Renren.Components.ImageTools.Win8\Renren.Components.ImageTools.IO.Bmp.Win8\Renren.Components.ImageTools.IO.Bmp.Win8.csproj", "{DF274A4F-370A-4E9F-A1B6-4B097A259AAD}"
EndProject
Project("{FAE04EC0-301F-11D3-BF4B-00C04F79EFBC}") = "Renren.Components.ImageTools.IO.Jpeg.Win8", "Renren.Components.ImageTools.Win8\Renren.Components.ImageTools.IO.Jpeg.Win8\Renren.Components.ImageTools.IO.Jpeg.Win8.csproj", "{70BBE621-4A45-4B0A-AF94-94F619879C10}"
EndProject
Project("{FAE04EC0-301F-11D3-BF4B-00C04F79EFBC}") = "Renren.Components.ImageTools.IO.Png.Win8", "Renren.Components.ImageTools.Win8\Renren.Components.ImageTools.IO.Png.Win8\Renren.Components.ImageTools.IO.Png.Win8.csproj", "{1E721609-186A-4936-BED7-0B1D210C51D1}"
EndProject
Project("{FAE04EC0-301F-11D3-BF4B-00C04F79EFBC}") = "Renren.Components.ImageTools.Utils.Win8", "Renren.Components.ImageTools.Win8\Renren.Components.ImageTools.Utils.Win8\Renren.Components.ImageTools.Utils.Win8.csproj", "{03673193-01BC-45A7-82FF-531AC69FAEAB}"
EndProject
Project("{FAE04EC0-301F-11D3-BF4B-00C04F79EFBC}") = "Renren.Components.ImageTools.Win8", "Renren.Components.ImageTools.Win8\Renren.Components.ImageTools.Win8\Renren.Components.ImageTools.Win8.csproj", "{063F742D-D621-478E-B309-AB8A1A191F8C}"
EndProject
Project("{FAE04EC0-301F-11D3-BF4B-00C04F79EFBC}") = "Renren.Components.ImageToolsTester.Win8", "Renren.Components.ImageToolsTester.Win8\Renren.Components.ImageToolsTester.Win8.csproj", "{4B79944F-5FC2-457A-941C-EDDCDDD9C6DB}"
EndProject
Global
	GlobalSection(SolutionConfigurationPlatforms) = preSolution
		Debug|Any CPU = Debug|Any CPU
		Debug|ARM = Debug|ARM
		Debug|x64 = Debug|x64
		Debug|x86 = Debug|x86
		Release|Any CPU = Release|Any CPU
		Release|ARM = Release|ARM
		Release|x64 = Release|x64
		Release|x86 = Release|x86
	EndGlobalSection
	GlobalSection(ProjectConfigurationPlatforms) = postSolution
		{723E31CE-0C4F-43E1-A291-07D1DD70B777}.Debug|Any CPU.ActiveCfg = Debug|Any CPU
		{723E31CE-0C4F-43E1-A291-07D1DD70B777}.Debug|Any CPU.Build.0 = Debug|Any CPU
		{723E31CE-0C4F-43E1-A291-07D1DD70B777}.Debug|ARM.ActiveCfg = Debug|ARM
		{723E31CE-0C4F-43E1-A291-07D1DD70B777}.Debug|ARM.Build.0 = Debug|ARM
		{723E31CE-0C4F-43E1-A291-07D1DD70B777}.Debug|x64.ActiveCfg = Debug|x64
		{723E31CE-0C4F-43E1-A291-07D1DD70B777}.Debug|x64.Build.0 = Debug|x64
		{723E31CE-0C4F-43E1-A291-07D1DD70B777}.Debug|x86.ActiveCfg = Debug|x86
		{723E31CE-0C4F-43E1-A291-07D1DD70B777}.Debug|x86.Build.0 = Debug|x86
		{723E31CE-0C4F-43E1-A291-07D1DD70B777}.Release|Any CPU.ActiveCfg = Release|Any CPU
		{723E31CE-0C4F-43E1-A291-07D1DD70B777}.Release|Any CPU.Build.0 = Release|Any CPU
		{723E31CE-0C4F-43E1-A291-07D1DD70B777}.Release|ARM.ActiveCfg = Release|ARM
		{723E31CE-0C4F-43E1-A291-07D1DD70B777}.Release|ARM.Build.0 = Release|ARM
		{723E31CE-0C4F-43E1-A291-07D1DD70B777}.Release|x64.ActiveCfg = Release|x64
		{723E31CE-0C4F-43E1-A291-07D1DD70B777}.Release|x64.Build.0 = Release|x64
		{723E31CE-0C4F-43E1-A291-07D1DD70B777}.Release|x86.ActiveCfg = Release|x86
		{723E31CE-0C4F-43E1-A291-07D1DD70B777}.Release|x86.Build.0 = Release|x86
		{AED9A563-59FD-43C4-B3A6-04E2E942A0B7}.Debug|Any CPU.ActiveCfg = Debug|Any CPU
		{AED9A563-59FD-43C4-B3A6-04E2E942A0B7}.Debug|Any CPU.Build.0 = Debug|Any CPU
		{AED9A563-59FD-43C4-B3A6-04E2E942A0B7}.Debug|ARM.ActiveCfg = Debug|ARM
		{AED9A563-59FD-43C4-B3A6-04E2E942A0B7}.Debug|ARM.Build.0 = Debug|ARM
		{AED9A563-59FD-43C4-B3A6-04E2E942A0B7}.Debug|x64.ActiveCfg = Debug|x64
		{AED9A563-59FD-43C4-B3A6-04E2E942A0B7}.Debug|x64.Build.0 = Debug|x64
		{AED9A563-59FD-43C4-B3A6-04E2E942A0B7}.Debug|x86.ActiveCfg = Debug|x86
		{AED9A563-59FD-43C4-B3A6-04E2E942A0B7}.Debug|x86.Build.0 = Debug|x86
		{AED9A563-59FD-43C4-B3A6-04E2E942A0B7}.Release|Any CPU.ActiveCfg = Release|Any CPU
		{AED9A563-59FD-43C4-B3A6-04E2E942A0B7}.Release|Any CPU.Build.0 = Release|Any CPU
		{AED9A563-59FD-43C4-B3A6-04E2E942A0B7}.Release|ARM.ActiveCfg = Release|ARM
		{AED9A563-59FD-43C4-B3A6-04E2E942A0B7}.Release|ARM.Build.0 = Release|ARM
		{AED9A563-59FD-43C4-B3A6-04E2E942A0B7}.Release|x64.ActiveCfg = Release|x64
		{AED9A563-59FD-43C4-B3A6-04E2E942A0B7}.Release|x64.Build.0 = Release|x64
		{AED9A563-59FD-43C4-B3A6-04E2E942A0B7}.Release|x86.ActiveCfg = Release|x86
		{AED9A563-59FD-43C4-B3A6-04E2E942A0B7}.Release|x86.Build.0 = Release|x86
		{182277E6-BDED-4893-B05D-CECFBB7BCF95}.Debug|Any CPU.ActiveCfg = Debug|Any CPU
		{182277E6-BDED-4893-B05D-CECFBB7BCF95}.Debug|Any CPU.Build.0 = Debug|Any CPU
		{182277E6-BDED-4893-B05D-CECFBB7BCF95}.Debug|ARM.ActiveCfg = Debug|ARM
		{182277E6-BDED-4893-B05D-CECFBB7BCF95}.Debug|ARM.Build.0 = Debug|ARM
		{182277E6-BDED-4893-B05D-CECFBB7BCF95}.Debug|x64.ActiveCfg = Debug|x64
		{182277E6-BDED-4893-B05D-CECFBB7BCF95}.Debug|x64.Build.0 = Debug|x64
		{182277E6-BDED-4893-B05D-CECFBB7BCF95}.Debug|x86.ActiveCfg = Debug|x86
		{182277E6-BDED-4893-B05D-CECFBB7BCF95}.Debug|x86.Build.0 = Debug|x86
		{182277E6-BDED-4893-B05D-CECFBB7BCF95}.Release|Any CPU.ActiveCfg = Release|Any CPU
		{182277E6-BDED-4893-B05D-CECFBB7BCF95}.Release|Any CPU.Build.0 = Release|Any CPU
		{182277E6-BDED-4893-B05D-CECFBB7BCF95}.Release|ARM.ActiveCfg = Release|ARM
		{182277E6-BDED-4893-B05D-CECFBB7BCF95}.Release|ARM.Build.0 = Release|ARM
		{182277E6-BDED-4893-B05D-CECFBB7BCF95}.Release|x64.ActiveCfg = Release|x64
		{182277E6-BDED-4893-B05D-CECFBB7BCF95}.Release|x64.Build.0 = Release|x64
		{182277E6-BDED-4893-B05D-CECFBB7BCF95}.Release|x86.ActiveCfg = Release|x86
		{182277E6-BDED-4893-B05D-CECFBB7BCF95}.Release|x86.Build.0 = Release|x86
		{DF274A4F-370A-4E9F-A1B6-4B097A259AAD}.Debug|Any CPU.ActiveCfg = Debug|Any CPU
		{DF274A4F-370A-4E9F-A1B6-4B097A259AAD}.Debug|Any CPU.Build.0 = Debug|Any CPU
		{DF274A4F-370A-4E9F-A1B6-4B097A259AAD}.Debug|ARM.ActiveCfg = Debug|ARM
		{DF274A4F-370A-4E9F-A1B6-4B097A259AAD}.Debug|ARM.Build.0 = Debug|ARM
		{DF274A4F-370A-4E9F-A1B6-4B097A259AAD}.Debug|x64.ActiveCfg = Debug|x64
		{DF274A4F-370A-4E9F-A1B6-4B097A259AAD}.Debug|x64.Build.0 = Debug|x64
		{DF274A4F-370A-4E9F-A1B6-4B097A259AAD}.Debug|x86.ActiveCfg = Debug|x86
		{DF274A4F-370A-4E9F-A1B6-4B097A259AAD}.Debug|x86.Build.0 = Debug|x86
		{DF274A4F-370A-4E9F-A1B6-4B097A259AAD}.Release|Any CPU.ActiveCfg = Release|Any CPU
		{DF274A4F-370A-4E9F-A1B6-4B097A259AAD}.Release|Any CPU.Build.0 = Release|Any CPU
		{DF274A4F-370A-4E9F-A1B6-4B097A259AAD}.Release|ARM.ActiveCfg = Release|ARM
		{DF274A4F-370A-4E9F-A1B6-4B097A259AAD}.Release|ARM.Build.0 = Release|ARM
		{DF274A4F-370A-4E9F-A1B6-4B097A259AAD}.Release|x64.ActiveCfg = Release|x64
		{DF274A4F-370A-4E9F-A1B6-4B097A259AAD}.Release|x64.Build.0 = Release|x64
		{DF274A4F-370A-4E9F-A1B6-4B097A259AAD}.Release|x86.ActiveCfg = Release|x86
		{DF274A4F-370A-4E9F-A1B6-4B097A259AAD}.Release|x86.Build.0 = Release|x86
		{70BBE621-4A45-4B0A-AF94-94F619879C10}.Debug|Any CPU.ActiveCfg = Debug|Any CPU
		{70BBE621-4A45-4B0A-AF94-94F619879C10}.Debug|Any CPU.Build.0 = Debug|Any CPU
		{70BBE621-4A45-4B0A-AF94-94F619879C10}.Debug|ARM.ActiveCfg = Debug|ARM
		{70BBE621-4A45-4B0A-AF94-94F619879C10}.Debug|ARM.Build.0 = Debug|ARM
		{70BBE621-4A45-4B0A-AF94-94F619879C10}.Debug|x64.ActiveCfg = Debug|x64
		{70BBE621-4A45-4B0A-AF94-94F619879C10}.Debug|x64.Build.0 = Debug|x64
		{70BBE621-4A45-4B0A-AF94-94F619879C10}.Debug|x86.ActiveCfg = Debug|x86
		{70BBE621-4A45-4B0A-AF94-94F619879C10}.Debug|x86.Build.0 = Debug|x86
		{70BBE621-4A45-4B0A-AF94-94F619879C10}.Release|Any CPU.ActiveCfg = Release|Any CPU
		{70BBE621-4A45-4B0A-AF94-94F619879C10}.Release|Any CPU.Build.0 = Release|Any CPU
		{70BBE621-4A45-4B0A-AF94-94F619879C10}.Release|ARM.ActiveCfg = Release|ARM
		{70BBE621-4A45-4B0A-AF94-94F619879C10}.Release|ARM.Build.0 = Release|ARM
		{70BBE621-4A45-4B0A-AF94-94F619879C10}.Release|x64.ActiveCfg = Release|x64
		{70BBE621-4A45-4B0A-AF94-94F619879C10}.Release|x64.Build.0 = Release|x64
		{70BBE621-4A45-4B0A-AF94-94F619879C10}.Release|x86.ActiveCfg = Release|x86
		{70BBE621-4A45-4B0A-AF94-94F619879C10}.Release|x86.Build.0 = Release|x86
		{1E721609-186A-4936-BED7-0B1D210C51D1}.Debug|Any CPU.ActiveCfg = Debug|Any CPU
		{1E721609-186A-4936-BED7-0B1D210C51D1}.Debug|Any CPU.Build.0 = Debug|Any CPU
		{1E721609-186A-4936-BED7-0B1D210C51D1}.Debug|ARM.ActiveCfg = Debug|ARM
		{1E721609-186A-4936-BED7-0B1D210C51D1}.Debug|ARM.Build.0 = Debug|ARM
		{1E721609-186A-4936-BED7-0B1D210C51D1}.Debug|x64.ActiveCfg = Debug|x64
		{1E721609-186A-4936-BED7-0B1D210C51D1}.Debug|x64.Build.0 = Debug|x64
		{1E721609-186A-4936-BED7-0B1D210C51D1}.Debug|x86.ActiveCfg = Debug|x86
		{1E721609-186A-4936-BED7-0B1D210C51D1}.Debug|x86.Build.0 = Debug|x86
		{1E721609-186A-4936-BED7-0B1D210C51D1}.Release|Any CPU.ActiveCfg = Release|Any CPU
		{1E721609-186A-4936-BED7-0B1D210C51D1}.Release|Any CPU.Build.0 = Release|Any CPU
		{1E721609-186A-4936-BED7-0B1D210C51D1}.Release|ARM.ActiveCfg = Release|ARM
		{1E721609-186A-4936-BED7-0B1D210C51D1}.Release|ARM.Build.0 = Release|ARM
		{1E721609-186A-4936-BED7-0B1D210C51D1}.Release|x64.ActiveCfg = Release|x64
		{1E721609-186A-4936-BED7-0B1D210C51D1}.Release|x64.Build.0 = Release|x64
		{1E721609-186A-4936-BED7-0B1D210C51D1}.Release|x86.ActiveCfg = Release|x86
		{1E721609-186A-4936-BED7-0B1D210C51D1}.Release|x86.Build.0 = Release|x86
		{03673193-01BC-45A7-82FF-531AC69FAEAB}.Debug|Any CPU.ActiveCfg = Debug|Any CPU
		{03673193-01BC-45A7-82FF-531AC69FAEAB}.Debug|Any CPU.Build.0 = Debug|Any CPU
		{03673193-01BC-45A7-82FF-531AC69FAEAB}.Debug|ARM.ActiveCfg = Debug|ARM
		{03673193-01BC-45A7-82FF-531AC69FAEAB}.Debug|ARM.Build.0 = Debug|ARM
		{03673193-01BC-45A7-82FF-531AC69FAEAB}.Debug|x64.ActiveCfg = Debug|x64
		{03673193-01BC-45A7-82FF-531AC69FAEAB}.Debug|x64.Build.0 = Debug|x64
		{03673193-01BC-45A7-82FF-531AC69FAEAB}.Debug|x86.ActiveCfg = Debug|x86
		{03673193-01BC-45A7-82FF-531AC69FAEAB}.Debug|x86.Build.0 = Debug|x86
		{03673193-01BC-45A7-82FF-531AC69FAEAB}.Release|Any CPU.ActiveCfg = Release|Any CPU
		{03673193-01BC-45A7-82FF-531AC69FAEAB}.Release|Any CPU.Build.0 = Release|Any CPU
		{03673193-01BC-45A7-82FF-531AC69FAEAB}.Release|ARM.ActiveCfg = Release|ARM
		{03673193-01BC-45A7-82FF-531AC69FAEAB}.Release|ARM.Build.0 = Release|ARM
		{03673193-01BC-45A7-82FF-531AC69FAEAB}.Release|x64.ActiveCfg = Release|x64
		{03673193-01BC-45A7-82FF-531AC69FAEAB}.Release|x64.Build.0 = Release|x64
		{03673193-01BC-45A7-82FF-531AC69FAEAB}.Release|x86.ActiveCfg = Release|x86
		{03673193-01BC-45A7-82FF-531AC69FAEAB}.Release|x86.Build.0 = Release|x86
		{063F742D-D621-478E-B309-AB8A1A191F8C}.Debug|Any CPU.ActiveCfg = Debug|Any CPU
		{063F742D-D621-478E-B309-AB8A1A191F8C}.Debug|Any CPU.Build.0 = Debug|Any CPU
		{063F742D-D621-478E-B309-AB8A1A191F8C}.Debug|ARM.ActiveCfg = Debug|ARM
		{063F742D-D621-478E-B309-AB8A1A191F8C}.Debug|ARM.Build.0 = Debug|ARM
		{063F742D-D621-478E-B309-AB8A1A191F8C}.Debug|x64.ActiveCfg = Debug|x64
		{063F742D-D621-478E-B309-AB8A1A191F8C}.Debug|x64.Build.0 = Debug|x64
		{063F742D-D621-478E-B309-AB8A1A191F8C}.Debug|x86.ActiveCfg = Debug|x86
		{063F742D-D621-478E-B309-AB8A1A191F8C}.Debug|x86.Build.0 = Debug|x86
		{063F742D-D621-478E-B309-AB8A1A191F8C}.Release|Any CPU.ActiveCfg = Release|Any CPU
		{063F742D-D621-478E-B309-AB8A1A191F8C}.Release|Any CPU.Build.0 = Release|Any CPU
		{063F742D-D621-478E-B309-AB8A1A191F8C}.Release|ARM.ActiveCfg = Release|ARM
		{063F742D-D621-478E-B309-AB8A1A191F8C}.Release|ARM.Build.0 = Release|ARM
		{063F742D-D621-478E-B309-AB8A1A191F8C}.Release|x64.ActiveCfg = Release|x64
		{063F742D-D621-478E-B309-AB8A1A191F8C}.Release|x64.Build.0 = Release|x64
		{063F742D-D621-478E-B309-AB8A1A191F8C}.Release|x86.ActiveCfg = Release|x86
		{063F742D-D621-478E-B309-AB8A1A191F8C}.Release|x86.Build.0 = Release|x86
		{4B79944F-5FC2-457A-941C-EDDCDDD9C6DB}.Debug|Any CPU.ActiveCfg = Debug|Any CPU
		{4B79944F-5FC2-457A-941C-EDDCDDD9C6DB}.Debug|Any CPU.Build.0 = Debug|Any CPU
		{4B79944F-5FC2-457A-941C-EDDCDDD9C6DB}.Debug|Any CPU.Deploy.0 = Debug|Any CPU
		{4B79944F-5FC2-457A-941C-EDDCDDD9C6DB}.Debug|ARM.ActiveCfg = Debug|ARM
		{4B79944F-5FC2-457A-941C-EDDCDDD9C6DB}.Debug|ARM.Build.0 = Debug|ARM
		{4B79944F-5FC2-457A-941C-EDDCDDD9C6DB}.Debug|ARM.Deploy.0 = Debug|ARM
		{4B79944F-5FC2-457A-941C-EDDCDDD9C6DB}.Debug|x64.ActiveCfg = Debug|x64
		{4B79944F-5FC2-457A-941C-EDDCDDD9C6DB}.Debug|x64.Build.0 = Debug|x64
		{4B79944F-5FC2-457A-941C-EDDCDDD9C6DB}.Debug|x64.Deploy.0 = Debug|x64
		{4B79944F-5FC2-457A-941C-EDDCDDD9C6DB}.Debug|x86.ActiveCfg = Debug|x86
		{4B79944F-5FC2-457A-941C-EDDCDDD9C6DB}.Debug|x86.Build.0 = Debug|x86
		{4B79944F-5FC2-457A-941C-EDDCDDD9C6DB}.Debug|x86.Deploy.0 = Debug|x86
		{4B79944F-5FC2-457A-941C-EDDCDDD9C6DB}.Release|Any CPU.ActiveCfg = Release|Any CPU
		{4B79944F-5FC2-457A-941C-EDDCDDD9C6DB}.Release|Any CPU.Build.0 = Release|Any CPU
		{4B79944F-5FC2-457A-941C-EDDCDDD9C6DB}.Release|Any CPU.Deploy.0 = Release|Any CPU
		{4B79944F-5FC2-457A-941C-EDDCDDD9C6DB}.Release|ARM.ActiveCfg = Release|ARM
		{4B79944F-5FC2-457A-941C-EDDCDDD9C6DB}.Release|ARM.Build.0 = Release|ARM
		{4B79944F-5FC2-457A-941C-EDDCDDD9C6DB}.Release|ARM.Deploy.0 = Release|ARM
		{4B79944F-5FC2-457A-941C-EDDCDDD9C6DB}.Release|x64.ActiveCfg = Release|x64
		{4B79944F-5FC2-457A-941C-EDDCDDD9C6DB}.Release|x64.Build.0 = Release|x64
		{4B79944F-5FC2-457A-941C-EDDCDDD9C6DB}.Release|x64.Deploy.0 = Release|x64
		{4B79944F-5FC2-457A-941C-EDDCDDD9C6DB}.Release|x86.ActiveCfg = Release|x86
		{4B79944F-5FC2-457A-941C-EDDCDDD9C6DB}.Release|x86.Build.0 = Release|x86
		{4B79944F-5FC2-457A-941C-EDDCDDD9C6DB}.Release|x86.Deploy.0 = Release|x86
	EndGlobalSection
	GlobalSection(SolutionProperties) = preSolution
		HideSolutionNode = FALSE
	EndGlobalSection
EndGlobal
